
Microsoft Visual Studio Solution File, Format Version 12.00
# Visual Studio Version 17
VisualStudioVersion = 17.9.34723.18
MinimumVisualStudioVersion = 10.0.40219.1
Project("{FAE04EC0-301F-11D3-BF4B-00C04F79EFBC}") = "LeetcodeAssgn", "LeetcodeAssgn\LeetcodeAssgn.csproj", "{72A6F24E-51B2-44F7-81D0-7CA57A00FF09}"
EndProject
Global
	GlobalSection(SolutionConfigurationPlatforms) = preSolution
		Debug|Any CPU = Debug|Any CPU
		Release|Any CPU = Release|Any CPU
	EndGlobalSection
	GlobalSection(ProjectConfigurationPlatforms) = postSolution
		{72A6F24E-51B2-44F7-81D0-7CA57A00FF09}.Debug|Any CPU.ActiveCfg = Debug|Any CPU
		{72A6F24E-51B2-44F7-81D0-7CA57A00FF09}.Debug|Any CPU.Build.0 = Debug|Any CPU
		{72A6F24E-51B2-44F7-81D0-7CA57A00FF09}.Release|Any CPU.ActiveCfg = Release|Any CPU
		{72A6F24E-51B2-44F7-81D0-7CA57A00FF09}.Release|Any CPU.Build.0 = Release|Any CPU
	EndGlobalSection
	GlobalSection(SolutionProperties) = preSolution
		HideSolutionNode = FALSE
	EndGlobalSection
	GlobalSection(ExtensibilityGlobals) = postSolution
		SolutionGuid = {BA35688A-014E-40E7-9F9F-19F1B160F6F4}
	EndGlobalSection
EndGlobal
