
Microsoft Visual Studio Solution File, Format Version 12.00
# Visual Studio Version 17
VisualStudioVersion = 17.9.34723.18
MinimumVisualStudioVersion = 10.0.40219.1
Project("{FAE04EC0-301F-11D3-BF4B-00C04F79EFBC}") = "Doctor_Appointment_Model", "Doctor_Appointment_Model\Doctor_Appointment_Model.csproj", "{BE2F86DC-353F-4B46-B664-DB3132B21F65}"
EndProject
Project("{FAE04EC0-301F-11D3-BF4B-00C04F79EFBC}") = "Doctor_Appointment_model_Library", "Doctor_Appointment_model_Library\Doctor_Appointment_model_Library.csproj", "{E4C9AF7B-8D1D-49FA-80C2-5E7CA581702F}"
EndProject
Project("{FAE04EC0-301F-11D3-BF4B-00C04F79EFBC}") = "Doctor_Appointment_DAL_Library", "Doctor_Appointment_DAL_Library\Doctor_Appointment_DAL_Library.csproj", "{4FB6C5B5-797D-4DE1-B309-B7869F6F8CE1}"
EndProject
Project("{FAE04EC0-301F-11D3-BF4B-00C04F79EFBC}") = "Doctor_Appointment_BL_Library", "Doctor_Appointment_BL_Library\Doctor_Appointment_BL_Library.csproj", "{3AB167E9-B8D0-48AB-AB8B-0B69F521A983}"
EndProject
Global
	GlobalSection(SolutionConfigurationPlatforms) = preSolution
		Debug|Any CPU = Debug|Any CPU
		Release|Any CPU = Release|Any CPU
	EndGlobalSection
	GlobalSection(ProjectConfigurationPlatforms) = postSolution
		{BE2F86DC-353F-4B46-B664-DB3132B21F65}.Debug|Any CPU.ActiveCfg = Debug|Any CPU
		{BE2F86DC-353F-4B46-B664-DB3132B21F65}.Debug|Any CPU.Build.0 = Debug|Any CPU
		{BE2F86DC-353F-4B46-B664-DB3132B21F65}.Release|Any CPU.ActiveCfg = Release|Any CPU
		{BE2F86DC-353F-4B46-B664-DB3132B21F65}.Release|Any CPU.Build.0 = Release|Any CPU
		{E4C9AF7B-8D1D-49FA-80C2-5E7CA581702F}.Debug|Any CPU.ActiveCfg = Debug|Any CPU
		{E4C9AF7B-8D1D-49FA-80C2-5E7CA581702F}.Debug|Any CPU.Build.0 = Debug|Any CPU
		{E4C9AF7B-8D1D-49FA-80C2-5E7CA581702F}.Release|Any CPU.ActiveCfg = Release|Any CPU
		{E4C9AF7B-8D1D-49FA-80C2-5E7CA581702F}.Release|Any CPU.Build.0 = Release|Any CPU
		{4FB6C5B5-797D-4DE1-B309-B7869F6F8CE1}.Debug|Any CPU.ActiveCfg = Debug|Any CPU
		{4FB6C5B5-797D-4DE1-B309-B7869F6F8CE1}.Debug|Any CPU.Build.0 = Debug|Any CPU
		{4FB6C5B5-797D-4DE1-B309-B7869F6F8CE1}.Release|Any CPU.ActiveCfg = Release|Any CPU
		{4FB6C5B5-797D-4DE1-B309-B7869F6F8CE1}.Release|Any CPU.Build.0 = Release|Any CPU
		{3AB167E9-B8D0-48AB-AB8B-0B69F521A983}.Debug|Any CPU.ActiveCfg = Debug|Any CPU
		{3AB167E9-B8D0-48AB-AB8B-0B69F521A983}.Debug|Any CPU.Build.0 = Debug|Any CPU
		{3AB167E9-B8D0-48AB-AB8B-0B69F521A983}.Release|Any CPU.ActiveCfg = Release|Any CPU
		{3AB167E9-B8D0-48AB-AB8B-0B69F521A983}.Release|Any CPU.Build.0 = Release|Any CPU
	EndGlobalSection
	GlobalSection(SolutionProperties) = preSolution
		HideSolutionNode = FALSE
	EndGlobalSection
	GlobalSection(ExtensibilityGlobals) = postSolution
		SolutionGuid = {E55FA7C8-CC87-47FB-9E32-9C7AC7DB5D35}
	EndGlobalSection
EndGlobal
