
Microsoft Visual Studio Solution File, Format Version 12.00
# Visual Studio Version 17
VisualStudioVersion = 17.9.34723.18
MinimumVisualStudioVersion = 10.0.40219.1
Project("{FAE04EC0-301F-11D3-BF4B-00C04F79EFBC}") = "ProductApiSqlServerAzure", "ProductApiSqlServerAzure.csproj", "{B9418136-D7DA-4A62-9C04-7E5BDCA9A628}"
EndProject
Global
	GlobalSection(SolutionConfigurationPlatforms) = preSolution
		Debug|Any CPU = Debug|Any CPU
		Release|Any CPU = Release|Any CPU
	EndGlobalSection
	GlobalSection(ProjectConfigurationPlatforms) = postSolution
		{B9418136-D7DA-4A62-9C04-7E5BDCA9A628}.Debug|Any CPU.ActiveCfg = Debug|Any CPU
		{B9418136-D7DA-4A62-9C04-7E5BDCA9A628}.Debug|Any CPU.Build.0 = Debug|Any CPU
		{B9418136-D7DA-4A62-9C04-7E5BDCA9A628}.Release|Any CPU.ActiveCfg = Release|Any CPU
		{B9418136-D7DA-4A62-9C04-7E5BDCA9A628}.Release|Any CPU.Build.0 = Release|Any CPU
	EndGlobalSection
	GlobalSection(SolutionProperties) = preSolution
		HideSolutionNode = FALSE
	EndGlobalSection
	GlobalSection(ExtensibilityGlobals) = postSolution
		SolutionGuid = {66812A66-958C-4DF7-B3AA-FB42812F5830}
	EndGlobalSection
EndGlobal
