
Microsoft Visual Studio Solution File, Format Version 12.00
# Visual Studio Version 17
VisualStudioVersion = 17.9.34723.18
MinimumVisualStudioVersion = 10.0.40219.1
Project("{FAE04EC0-301F-11D3-BF4B-00C04F79EFBC}") = "FirstApp", "FirstApp\FirstApp.csproj", "{93C631B2-BE35-49B2-9EDF-F53A5FD4DB09}"
EndProject
Global
	GlobalSection(SolutionConfigurationPlatforms) = preSolution
		Debug|Any CPU = Debug|Any CPU
		Release|Any CPU = Release|Any CPU
	EndGlobalSection
	GlobalSection(ProjectConfigurationPlatforms) = postSolution
		{93C631B2-BE35-49B2-9EDF-F53A5FD4DB09}.Debug|Any CPU.ActiveCfg = Debug|Any CPU
		{93C631B2-BE35-49B2-9EDF-F53A5FD4DB09}.Debug|Any CPU.Build.0 = Debug|Any CPU
		{93C631B2-BE35-49B2-9EDF-F53A5FD4DB09}.Release|Any CPU.ActiveCfg = Release|Any CPU
		{93C631B2-BE35-49B2-9EDF-F53A5FD4DB09}.Release|Any CPU.Build.0 = Release|Any CPU
	EndGlobalSection
	GlobalSection(SolutionProperties) = preSolution
		HideSolutionNode = FALSE
	EndGlobalSection
	GlobalSection(ExtensibilityGlobals) = postSolution
		SolutionGuid = {9740D862-1165-4448-BC26-41D4ED6D3772}
	EndGlobalSection
EndGlobal
